
Microsoft Visual Studio Solution File, Format Version 12.00
# Visual Studio 2012
Project("{FAE04EC0-301F-11D3-BF4B-00C04F79EFBC}") = "Porter2Stemmer", "Porter2Stemmer\Porter2Stemmer.csproj", "{6C769107-3EF4-4BCF-A145-0CDBD5EAB9AF}"
EndProject
Project("{FAE04EC0-301F-11D3-BF4B-00C04F79EFBC}") = "Porter2Stemmer.UnitTest", "Porter2Stemmer.UnitTest\Porter2Stemmer.UnitTest.csproj", "{202A250D-1017-4D05-A5E5-8F59887B7339}"
EndProject
Global
	GlobalSection(SolutionConfigurationPlatforms) = preSolution
		Debug|Any CPU = Debug|Any CPU
		Release|Any CPU = Release|Any CPU
	EndGlobalSection
	GlobalSection(ProjectConfigurationPlatforms) = postSolution
		{6C769107-3EF4-4BCF-A145-0CDBD5EAB9AF}.Debug|Any CPU.ActiveCfg = Debug|Any CPU
		{6C769107-3EF4-4BCF-A145-0CDBD5EAB9AF}.Debug|Any CPU.Build.0 = Debug|Any CPU
		{6C769107-3EF4-4BCF-A145-0CDBD5EAB9AF}.Release|Any CPU.ActiveCfg = Release|Any CPU
		{6C769107-3EF4-4BCF-A145-0CDBD5EAB9AF}.Release|Any CPU.Build.0 = Release|Any CPU
		{202A250D-1017-4D05-A5E5-8F59887B7339}.Debug|Any CPU.ActiveCfg = Debug|Any CPU
		{202A250D-1017-4D05-A5E5-8F59887B7339}.Debug|Any CPU.Build.0 = Debug|Any CPU
		{202A250D-1017-4D05-A5E5-8F59887B7339}.Release|Any CPU.ActiveCfg = Release|Any CPU
		{202A250D-1017-4D05-A5E5-8F59887B7339}.Release|Any CPU.Build.0 = Release|Any CPU
	EndGlobalSection
	GlobalSection(SolutionProperties) = preSolution
		HideSolutionNode = FALSE
	EndGlobalSection
EndGlobal
